// !$*UTF8*$!
{
	archiveVersion = 1;
	classes = {
	};
	objectVersion = 55;
	objects = {

/* Begin PBXBuildFile section */
		0F7AEA04752FDF57F4157C54 /* Pods_SpotifyClone.framework in Frameworks */ = {isa = PBXBuildFile; fileRef = 2AF08DFCD50517417DE449BC /* Pods_SpotifyClone.framework */; };
		6240D753271F3CBB00944651 /* TabBarViewController.swift in Sources */ = {isa = PBXBuildFile; fileRef = 6240D752271F3CBB00944651 /* TabBarViewController.swift */; };
		6240D755271F3D0400944651 /* SearchViewController.swift in Sources */ = {isa = PBXBuildFile; fileRef = 6240D754271F3D0400944651 /* SearchViewController.swift */; };
		6240D757271F3D2500944651 /* LibraryViewController.swift in Sources */ = {isa = PBXBuildFile; fileRef = 6240D756271F3D2500944651 /* LibraryViewController.swift */; };
		6240D75B271F3D7E00944651 /* AuthViewController.swift in Sources */ = {isa = PBXBuildFile; fileRef = 6240D75A271F3D7E00944651 /* AuthViewController.swift */; };
		6240D75D271F3DAB00944651 /* WelcomeViewController.swift in Sources */ = {isa = PBXBuildFile; fileRef = 6240D75C271F3DAB00944651 /* WelcomeViewController.swift */; };
		6240D75F271F3DBA00944651 /* SettingsViewController.swift in Sources */ = {isa = PBXBuildFile; fileRef = 6240D75E271F3DBA00944651 /* SettingsViewController.swift */; };
		6240D761271F3DE000944651 /* ProfileViewController.swift in Sources */ = {isa = PBXBuildFile; fileRef = 6240D760271F3DDF00944651 /* ProfileViewController.swift */; };
		6240D763271F3DE900944651 /* PlayerViewController.swift in Sources */ = {isa = PBXBuildFile; fileRef = 6240D762271F3DE900944651 /* PlayerViewController.swift */; };
		6240D765271F3E2200944651 /* PlaylistViewController.swift in Sources */ = {isa = PBXBuildFile; fileRef = 6240D764271F3E2200944651 /* PlaylistViewController.swift */; };
		6240D767271F3E2C00944651 /* SearchResultsViewController.swift in Sources */ = {isa = PBXBuildFile; fileRef = 6240D766271F3E2C00944651 /* SearchResultsViewController.swift */; };
		6240D769271F3E7E00944651 /* AuthManager.swift in Sources */ = {isa = PBXBuildFile; fileRef = 6240D768271F3E7E00944651 /* AuthManager.swift */; };
		6240D76B271F3E9400944651 /* APICaller.swift in Sources */ = {isa = PBXBuildFile; fileRef = 6240D76A271F3E9400944651 /* APICaller.swift */; };
		6240D76D271F3EA300944651 /* HapticsManager.swift in Sources */ = {isa = PBXBuildFile; fileRef = 6240D76C271F3EA300944651 /* HapticsManager.swift */; };
		6240D76F271F3FD100944651 /* Playlist.swift in Sources */ = {isa = PBXBuildFile; fileRef = 6240D76E271F3FD100944651 /* Playlist.swift */; };
		6240D771271F3FDF00944651 /* AudioTrack.swift in Sources */ = {isa = PBXBuildFile; fileRef = 6240D770271F3FDF00944651 /* AudioTrack.swift */; };
		6240D773271F3FEB00944651 /* Artist.swift in Sources */ = {isa = PBXBuildFile; fileRef = 6240D772271F3FEB00944651 /* Artist.swift */; };
		6240D775271F3FF900944651 /* UserProfile.swift in Sources */ = {isa = PBXBuildFile; fileRef = 6240D774271F3FF900944651 /* UserProfile.swift */; };
		6240D777271F565000944651 /* Extensions.swift in Sources */ = {isa = PBXBuildFile; fileRef = 6240D776271F565000944651 /* Extensions.swift */; };
		62445F1E2728722C008BB1D7 /* SettingsModels.swift in Sources */ = {isa = PBXBuildFile; fileRef = 62445F1D2728722C008BB1D7 /* SettingsModels.swift */; };
		62613CA7271F382E00D5F946 /* AppDelegate.swift in Sources */ = {isa = PBXBuildFile; fileRef = 62613CA6271F382E00D5F946 /* AppDelegate.swift */; };
		62613CA9271F382E00D5F946 /* SceneDelegate.swift in Sources */ = {isa = PBXBuildFile; fileRef = 62613CA8271F382E00D5F946 /* SceneDelegate.swift */; };
		62613CAB271F382E00D5F946 /* HomeViewController.swift in Sources */ = {isa = PBXBuildFile; fileRef = 62613CAA271F382E00D5F946 /* HomeViewController.swift */; };
		62613CB0271F383000D5F946 /* Assets.xcassets in Resources */ = {isa = PBXBuildFile; fileRef = 62613CAF271F383000D5F946 /* Assets.xcassets */; };
		62613CB3271F383000D5F946 /* LaunchScreen.storyboard in Resources */ = {isa = PBXBuildFile; fileRef = 62613CB1271F383000D5F946 /* LaunchScreen.storyboard */; };
		628D216727297E2F00B6BBF8 /* NewReleasesResponse.swift in Sources */ = {isa = PBXBuildFile; fileRef = 628D216627297E2F00B6BBF8 /* NewReleasesResponse.swift */; };
		628D21692729860400B6BBF8 /* APIImage.swift in Sources */ = {isa = PBXBuildFile; fileRef = 628D21682729860400B6BBF8 /* APIImage.swift */; };
		62E06C0D2721ECE7004A9D98 /* AuthResponse.swift in Sources */ = {isa = PBXBuildFile; fileRef = 62E06C0C2721ECE7004A9D98 /* AuthResponse.swift */; };
		62F2D246272AE6C200DE3C0E /* FeaturedPlaylistsResponse.swift in Sources */ = {isa = PBXBuildFile; fileRef = 62F2D245272AE6C200DE3C0E /* FeaturedPlaylistsResponse.swift */; };
/* End PBXBuildFile section */

/* Begin PBXFileReference section */
		23B054D7E2ED9BE3AEC3E290 /* Pods-SpotifyClone.release.xcconfig */ = {isa = PBXFileReference; includeInIndex = 1; lastKnownFileType = text.xcconfig; name = "Pods-SpotifyClone.release.xcconfig"; path = "Target Support Files/Pods-SpotifyClone/Pods-SpotifyClone.release.xcconfig"; sourceTree = "<group>"; };
		2AF08DFCD50517417DE449BC /* Pods_SpotifyClone.framework */ = {isa = PBXFileReference; explicitFileType = wrapper.framework; includeInIndex = 0; path = Pods_SpotifyClone.framework; sourceTree = BUILT_PRODUCTS_DIR; };
		6240D752271F3CBB00944651 /* TabBarViewController.swift */ = {isa = PBXFileReference; lastKnownFileType = sourcecode.swift; path = TabBarViewController.swift; sourceTree = "<group>"; };
		6240D754271F3D0400944651 /* SearchViewController.swift */ = {isa = PBXFileReference; lastKnownFileType = sourcecode.swift; path = SearchViewController.swift; sourceTree = "<group>"; };
		6240D756271F3D2500944651 /* LibraryViewController.swift */ = {isa = PBXFileReference; lastKnownFileType = sourcecode.swift; path = LibraryViewController.swift; sourceTree = "<group>"; };
		6240D75A271F3D7E00944651 /* AuthViewController.swift */ = {isa = PBXFileReference; lastKnownFileType = sourcecode.swift; path = AuthViewController.swift; sourceTree = "<group>"; };
		6240D75C271F3DAB00944651 /* WelcomeViewController.swift */ = {isa = PBXFileReference; lastKnownFileType = sourcecode.swift; path = WelcomeViewController.swift; sourceTree = "<group>"; };
		6240D75E271F3DBA00944651 /* SettingsViewController.swift */ = {isa = PBXFileReference; lastKnownFileType = sourcecode.swift; path = SettingsViewController.swift; sourceTree = "<group>"; };
		6240D760271F3DDF00944651 /* ProfileViewController.swift */ = {isa = PBXFileReference; lastKnownFileType = sourcecode.swift; path = ProfileViewController.swift; sourceTree = "<group>"; };
		6240D762271F3DE900944651 /* PlayerViewController.swift */ = {isa = PBXFileReference; lastKnownFileType = sourcecode.swift; path = PlayerViewController.swift; sourceTree = "<group>"; };
		6240D764271F3E2200944651 /* PlaylistViewController.swift */ = {isa = PBXFileReference; lastKnownFileType = sourcecode.swift; path = PlaylistViewController.swift; sourceTree = "<group>"; };
		6240D766271F3E2C00944651 /* SearchResultsViewController.swift */ = {isa = PBXFileReference; lastKnownFileType = sourcecode.swift; path = SearchResultsViewController.swift; sourceTree = "<group>"; };
		6240D768271F3E7E00944651 /* AuthManager.swift */ = {isa = PBXFileReference; lastKnownFileType = sourcecode.swift; path = AuthManager.swift; sourceTree = "<group>"; };
		6240D76A271F3E9400944651 /* APICaller.swift */ = {isa = PBXFileReference; lastKnownFileType = sourcecode.swift; path = APICaller.swift; sourceTree = "<group>"; };
		6240D76C271F3EA300944651 /* HapticsManager.swift */ = {isa = PBXFileReference; lastKnownFileType = sourcecode.swift; path = HapticsManager.swift; sourceTree = "<group>"; };
		6240D76E271F3FD100944651 /* Playlist.swift */ = {isa = PBXFileReference; lastKnownFileType = sourcecode.swift; path = Playlist.swift; sourceTree = "<group>"; };
		6240D770271F3FDF00944651 /* AudioTrack.swift */ = {isa = PBXFileReference; lastKnownFileType = sourcecode.swift; path = AudioTrack.swift; sourceTree = "<group>"; };
		6240D772271F3FEB00944651 /* Artist.swift */ = {isa = PBXFileReference; lastKnownFileType = sourcecode.swift; path = Artist.swift; sourceTree = "<group>"; };
		6240D774271F3FF900944651 /* UserProfile.swift */ = {isa = PBXFileReference; lastKnownFileType = sourcecode.swift; path = UserProfile.swift; sourceTree = "<group>"; };
		6240D776271F565000944651 /* Extensions.swift */ = {isa = PBXFileReference; lastKnownFileType = sourcecode.swift; path = Extensions.swift; sourceTree = "<group>"; };
		62445F1D2728722C008BB1D7 /* SettingsModels.swift */ = {isa = PBXFileReference; lastKnownFileType = sourcecode.swift; path = SettingsModels.swift; sourceTree = "<group>"; };
		62613CA3271F382E00D5F946 /* SpotifyClone.app */ = {isa = PBXFileReference; explicitFileType = wrapper.application; includeInIndex = 0; path = SpotifyClone.app; sourceTree = BUILT_PRODUCTS_DIR; };
		62613CA6271F382E00D5F946 /* AppDelegate.swift */ = {isa = PBXFileReference; lastKnownFileType = sourcecode.swift; path = AppDelegate.swift; sourceTree = "<group>"; };
		62613CA8271F382E00D5F946 /* SceneDelegate.swift */ = {isa = PBXFileReference; lastKnownFileType = sourcecode.swift; path = SceneDelegate.swift; sourceTree = "<group>"; };
		62613CAA271F382E00D5F946 /* HomeViewController.swift */ = {isa = PBXFileReference; lastKnownFileType = sourcecode.swift; path = HomeViewController.swift; sourceTree = "<group>"; };
		62613CAF271F383000D5F946 /* Assets.xcassets */ = {isa = PBXFileReference; lastKnownFileType = folder.assetcatalog; path = Assets.xcassets; sourceTree = "<group>"; };
		62613CB2271F383000D5F946 /* Base */ = {isa = PBXFileReference; lastKnownFileType = file.storyboard; name = Base; path = Base.lproj/LaunchScreen.storyboard; sourceTree = "<group>"; };
		62613CB4271F383000D5F946 /* Info.plist */ = {isa = PBXFileReference; lastKnownFileType = text.plist.xml; path = Info.plist; sourceTree = "<group>"; };
		628D216627297E2F00B6BBF8 /* NewReleasesResponse.swift */ = {isa = PBXFileReference; lastKnownFileType = sourcecode.swift; path = NewReleasesResponse.swift; sourceTree = "<group>"; };
		628D21682729860400B6BBF8 /* APIImage.swift */ = {isa = PBXFileReference; lastKnownFileType = sourcecode.swift; path = APIImage.swift; sourceTree = "<group>"; };
		62E06C0C2721ECE7004A9D98 /* AuthResponse.swift */ = {isa = PBXFileReference; lastKnownFileType = sourcecode.swift; path = AuthResponse.swift; sourceTree = "<group>"; };
		62F2D245272AE6C200DE3C0E /* FeaturedPlaylistsResponse.swift */ = {isa = PBXFileReference; lastKnownFileType = sourcecode.swift; path = FeaturedPlaylistsResponse.swift; sourceTree = "<group>"; };
		EA503A0FDE22CCA3AD9BE05F /* Pods-SpotifyClone.debug.xcconfig */ = {isa = PBXFileReference; includeInIndex = 1; lastKnownFileType = text.xcconfig; name = "Pods-SpotifyClone.debug.xcconfig"; path = "Target Support Files/Pods-SpotifyClone/Pods-SpotifyClone.debug.xcconfig"; sourceTree = "<group>"; };
/* End PBXFileReference section */

/* Begin PBXFrameworksBuildPhase section */
		62613CA0271F382E00D5F946 /* Frameworks */ = {
			isa = PBXFrameworksBuildPhase;
			buildActionMask = 2147483647;
			files = (
				0F7AEA04752FDF57F4157C54 /* Pods_SpotifyClone.framework in Frameworks */,
			);
			runOnlyForDeploymentPostprocessing = 0;
		};
/* End PBXFrameworksBuildPhase section */

/* Begin PBXGroup section */
		6240D758271F3D4300944651 /* Core */ = {
			isa = PBXGroup;
			children = (
				62613CAA271F382E00D5F946 /* HomeViewController.swift */,
				6240D752271F3CBB00944651 /* TabBarViewController.swift */,
				6240D754271F3D0400944651 /* SearchViewController.swift */,
				6240D756271F3D2500944651 /* LibraryViewController.swift */,
			);
			path = Core;
			sourceTree = "<group>";
		};
		6240D759271F3D5E00944651 /* Other */ = {
			isa = PBXGroup;
			children = (
				6240D75A271F3D7E00944651 /* AuthViewController.swift */,
				6240D75C271F3DAB00944651 /* WelcomeViewController.swift */,
				6240D75E271F3DBA00944651 /* SettingsViewController.swift */,
				6240D760271F3DDF00944651 /* ProfileViewController.swift */,
				6240D762271F3DE900944651 /* PlayerViewController.swift */,
				6240D764271F3E2200944651 /* PlaylistViewController.swift */,
				6240D766271F3E2C00944651 /* SearchResultsViewController.swift */,
			);
			path = Other;
			sourceTree = "<group>";
		};
		62613C9A271F382E00D5F946 = {
			isa = PBXGroup;
			children = (
				62613CA5271F382E00D5F946 /* SpotifyClone */,
				62613CA4271F382E00D5F946 /* Products */,
				E2FA31A220ED790E5BBBEF8E /* Pods */,
				A7F06A08D53A8839E58E29E1 /* Frameworks */,
			);
			sourceTree = "<group>";
		};
		62613CA4271F382E00D5F946 /* Products */ = {
			isa = PBXGroup;
			children = (
				62613CA3271F382E00D5F946 /* SpotifyClone.app */,
			);
			name = Products;
			sourceTree = "<group>";
		};
		62613CA5271F382E00D5F946 /* SpotifyClone */ = {
			isa = PBXGroup;
			children = (
				62613CBA271F38BB00D5F946 /* Resources */,
				62613CBB271F38C700D5F946 /* Managers */,
				62613CBC271F38D600D5F946 /* ViewModels */,
				62613CBD271F38F100D5F946 /* Models */,
				62613CBE271F38F800D5F946 /* Views */,
				62613CBF271F390000D5F946 /* Controllers */,
				62613CB4271F383000D5F946 /* Info.plist */,
			);
			path = SpotifyClone;
			sourceTree = "<group>";
		};
		62613CBA271F38BB00D5F946 /* Resources */ = {
			isa = PBXGroup;
			children = (
				62613CA6271F382E00D5F946 /* AppDelegate.swift */,
				62613CA8271F382E00D5F946 /* SceneDelegate.swift */,
				62613CAF271F383000D5F946 /* Assets.xcassets */,
				6240D776271F565000944651 /* Extensions.swift */,
			);
			path = Resources;
			sourceTree = "<group>";
		};
		62613CBB271F38C700D5F946 /* Managers */ = {
			isa = PBXGroup;
			children = (
				6240D768271F3E7E00944651 /* AuthManager.swift */,
				6240D76A271F3E9400944651 /* APICaller.swift */,
				6240D76C271F3EA300944651 /* HapticsManager.swift */,
			);
			path = Managers;
			sourceTree = "<group>";
		};
		62613CBC271F38D600D5F946 /* ViewModels */ = {
			isa = PBXGroup;
			children = (
			);
			path = ViewModels;
			sourceTree = "<group>";
		};
		62613CBD271F38F100D5F946 /* Models */ = {
			isa = PBXGroup;
			children = (
				6240D76E271F3FD100944651 /* Playlist.swift */,
				6240D770271F3FDF00944651 /* AudioTrack.swift */,
				6240D772271F3FEB00944651 /* Artist.swift */,
				6240D774271F3FF900944651 /* UserProfile.swift */,
				62E06C0C2721ECE7004A9D98 /* AuthResponse.swift */,
				62445F1D2728722C008BB1D7 /* SettingsModels.swift */,
				628D216627297E2F00B6BBF8 /* NewReleasesResponse.swift */,
				628D21682729860400B6BBF8 /* APIImage.swift */,
				62F2D245272AE6C200DE3C0E /* FeaturedPlaylistsResponse.swift */,
			);
			path = Models;
			sourceTree = "<group>";
		};
		62613CBE271F38F800D5F946 /* Views */ = {
			isa = PBXGroup;
			children = (
				62613CB1271F383000D5F946 /* LaunchScreen.storyboard */,
			);
			path = Views;
			sourceTree = "<group>";
		};
		62613CBF271F390000D5F946 /* Controllers */ = {
			isa = PBXGroup;
			children = (
				6240D759271F3D5E00944651 /* Other */,
				6240D758271F3D4300944651 /* Core */,
			);
			path = Controllers;
			sourceTree = "<group>";
		};
		A7F06A08D53A8839E58E29E1 /* Frameworks */ = {
			isa = PBXGroup;
			children = (
				2AF08DFCD50517417DE449BC /* Pods_SpotifyClone.framework */,
			);
			name = Frameworks;
			sourceTree = "<group>";
		};
		E2FA31A220ED790E5BBBEF8E /* Pods */ = {
			isa = PBXGroup;
			children = (
				EA503A0FDE22CCA3AD9BE05F /* Pods-SpotifyClone.debug.xcconfig */,
				23B054D7E2ED9BE3AEC3E290 /* Pods-SpotifyClone.release.xcconfig */,
			);
			path = Pods;
			sourceTree = "<group>";
		};
/* End PBXGroup section */

/* Begin PBXNativeTarget section */
		62613CA2271F382E00D5F946 /* SpotifyClone */ = {
			isa = PBXNativeTarget;
			buildConfigurationList = 62613CB7271F383000D5F946 /* Build configuration list for PBXNativeTarget "SpotifyClone" */;
			buildPhases = (
				A3FF0667432CBF5753012F53 /* [CP] Check Pods Manifest.lock */,
				62613C9F271F382E00D5F946 /* Sources */,
				62613CA0271F382E00D5F946 /* Frameworks */,
				62613CA1271F382E00D5F946 /* Resources */,
				976F3946B6175E26712F6D48 /* [CP] Embed Pods Frameworks */,
			);
			buildRules = (
			);
			dependencies = (
			);
			name = SpotifyClone;
			productName = SpotifyClone;
			productReference = 62613CA3271F382E00D5F946 /* SpotifyClone.app */;
			productType = "com.apple.product-type.application";
		};
/* End PBXNativeTarget section */

/* Begin PBXProject section */
		62613C9B271F382E00D5F946 /* Project object */ = {
			isa = PBXProject;
			attributes = {
				BuildIndependentTargetsInParallel = 1;
				LastSwiftUpdateCheck = 1300;
				LastUpgradeCheck = 1300;
				TargetAttributes = {
					62613CA2271F382E00D5F946 = {
						CreatedOnToolsVersion = 13.0;
					};
				};
			};
			buildConfigurationList = 62613C9E271F382E00D5F946 /* Build configuration list for PBXProject "SpotifyClone" */;
			compatibilityVersion = "Xcode 13.0";
			developmentRegion = en;
			hasScannedForEncodings = 0;
			knownRegions = (
				en,
				Base,
			);
			mainGroup = 62613C9A271F382E00D5F946;
			productRefGroup = 62613CA4271F382E00D5F946 /* Products */;
			projectDirPath = "";
			projectRoot = "";
			targets = (
				62613CA2271F382E00D5F946 /* SpotifyClone */,
			);
		};
/* End PBXProject section */

/* Begin PBXResourcesBuildPhase section */
		62613CA1271F382E00D5F946 /* Resources */ = {
			isa = PBXResourcesBuildPhase;
			buildActionMask = 2147483647;
			files = (
				62613CB3271F383000D5F946 /* LaunchScreen.storyboard in Resources */,
				62613CB0271F383000D5F946 /* Assets.xcassets in Resources */,
			);
			runOnlyForDeploymentPostprocessing = 0;
		};
/* End PBXResourcesBuildPhase section */

/* Begin PBXShellScriptBuildPhase section */
		976F3946B6175E26712F6D48 /* [CP] Embed Pods Frameworks */ = {
			isa = PBXShellScriptBuildPhase;
			buildActionMask = 2147483647;
			files = (
			);
			inputFileListPaths = (
				"${PODS_ROOT}/Target Support Files/Pods-SpotifyClone/Pods-SpotifyClone-frameworks-${CONFIGURATION}-input-files.xcfilelist",
			);
			name = "[CP] Embed Pods Frameworks";
			outputFileListPaths = (
				"${PODS_ROOT}/Target Support Files/Pods-SpotifyClone/Pods-SpotifyClone-frameworks-${CONFIGURATION}-output-files.xcfilelist",
			);
			runOnlyForDeploymentPostprocessing = 0;
			shellPath = /bin/sh;
			shellScript = "\"${PODS_ROOT}/Target Support Files/Pods-SpotifyClone/Pods-SpotifyClone-frameworks.sh\"\n";
			showEnvVarsInLog = 0;
		};
		A3FF0667432CBF5753012F53 /* [CP] Check Pods Manifest.lock */ = {
			isa = PBXShellScriptBuildPhase;
			buildActionMask = 2147483647;
			files = (
			);
			inputFileListPaths = (
			);
			inputPaths = (
				"${PODS_PODFILE_DIR_PATH}/Podfile.lock",
				"${PODS_ROOT}/Manifest.lock",
			);
			name = "[CP] Check Pods Manifest.lock";
			outputFileListPaths = (
			);
			outputPaths = (
				"$(DERIVED_FILE_DIR)/Pods-SpotifyClone-checkManifestLockResult.txt",
			);
			runOnlyForDeploymentPostprocessing = 0;
			shellPath = /bin/sh;
			shellScript = "diff \"${PODS_PODFILE_DIR_PATH}/Podfile.lock\" \"${PODS_ROOT}/Manifest.lock\" > /dev/null\nif [ $? != 0 ] ; then\n    # print error to STDERR\n    echo \"error: The sandbox is not in sync with the Podfile.lock. Run 'pod install' or update your CocoaPods installation.\" >&2\n    exit 1\nfi\n# This output is used by Xcode 'outputs' to avoid re-running this script phase.\necho \"SUCCESS\" > \"${SCRIPT_OUTPUT_FILE_0}\"\n";
			showEnvVarsInLog = 0;
		};
/* End PBXShellScriptBuildPhase section */

/* Begin PBXSourcesBuildPhase section */
		62613C9F271F382E00D5F946 /* Sources */ = {
			isa = PBXSourcesBuildPhase;
			buildActionMask = 2147483647;
			files = (
				6240D755271F3D0400944651 /* SearchViewController.swift in Sources */,
				6240D76F271F3FD100944651 /* Playlist.swift in Sources */,
				6240D769271F3E7E00944651 /* AuthManager.swift in Sources */,
				6240D767271F3E2C00944651 /* SearchResultsViewController.swift in Sources */,
				6240D75D271F3DAB00944651 /* WelcomeViewController.swift in Sources */,
				6240D761271F3DE000944651 /* ProfileViewController.swift in Sources */,
				6240D753271F3CBB00944651 /* TabBarViewController.swift in Sources */,
				6240D76D271F3EA300944651 /* HapticsManager.swift in Sources */,
				62E06C0D2721ECE7004A9D98 /* AuthResponse.swift in Sources */,
				628D216727297E2F00B6BBF8 /* NewReleasesResponse.swift in Sources */,
				628D21692729860400B6BBF8 /* APIImage.swift in Sources */,
				6240D771271F3FDF00944651 /* AudioTrack.swift in Sources */,
				62613CAB271F382E00D5F946 /* HomeViewController.swift in Sources */,
				6240D75B271F3D7E00944651 /* AuthViewController.swift in Sources */,
				62613CA7271F382E00D5F946 /* AppDelegate.swift in Sources */,
				6240D775271F3FF900944651 /* UserProfile.swift in Sources */,
				6240D777271F565000944651 /* Extensions.swift in Sources */,
				6240D757271F3D2500944651 /* LibraryViewController.swift in Sources */,
				6240D773271F3FEB00944651 /* Artist.swift in Sources */,
				62445F1E2728722C008BB1D7 /* SettingsModels.swift in Sources */,
				6240D765271F3E2200944651 /* PlaylistViewController.swift in Sources */,
				62613CA9271F382E00D5F946 /* SceneDelegate.swift in Sources */,
				6240D763271F3DE900944651 /* PlayerViewController.swift in Sources */,
				6240D76B271F3E9400944651 /* APICaller.swift in Sources */,
				62F2D246272AE6C200DE3C0E /* FeaturedPlaylistsResponse.swift in Sources */,
				6240D75F271F3DBA00944651 /* SettingsViewController.swift in Sources */,
			);
			runOnlyForDeploymentPostprocessing = 0;
		};
/* End PBXSourcesBuildPhase section */

/* Begin PBXVariantGroup section */
		62613CB1271F383000D5F946 /* LaunchScreen.storyboard */ = {
			isa = PBXVariantGroup;
			children = (
				62613CB2271F383000D5F946 /* Base */,
			);
			name = LaunchScreen.storyboard;
			sourceTree = "<group>";
		};
/* End PBXVariantGroup section */

/* Begin XCBuildConfiguration section */
		62613CB5271F383000D5F946 /* Debug */ = {
			isa = XCBuildConfiguration;
			buildSettings = {
				ALWAYS_SEARCH_USER_PATHS = NO;
				CLANG_ANALYZER_NONNULL = YES;
				CLANG_ANALYZER_NUMBER_OBJECT_CONVERSION = YES_AGGRESSIVE;
				CLANG_CXX_LANGUAGE_STANDARD = "gnu++17";
				CLANG_CXX_LIBRARY = "libc++";
				CLANG_ENABLE_MODULES = YES;
				CLANG_ENABLE_OBJC_ARC = YES;
				CLANG_ENABLE_OBJC_WEAK = YES;
				CLANG_WARN_BLOCK_CAPTURE_AUTORELEASING = YES;
				CLANG_WARN_BOOL_CONVERSION = YES;
				CLANG_WARN_COMMA = YES;
				CLANG_WARN_CONSTANT_CONVERSION = YES;
				CLANG_WARN_DEPRECATED_OBJC_IMPLEMENTATIONS = YES;
				CLANG_WARN_DIRECT_OBJC_ISA_USAGE = YES_ERROR;
				CLANG_WARN_DOCUMENTATION_COMMENTS = YES;
				CLANG_WARN_EMPTY_BODY = YES;
				CLANG_WARN_ENUM_CONVERSION = YES;
				CLANG_WARN_INFINITE_RECURSION = YES;
				CLANG_WARN_INT_CONVERSION = YES;
				CLANG_WARN_NON_LITERAL_NULL_CONVERSION = YES;
				CLANG_WARN_OBJC_IMPLICIT_RETAIN_SELF = YES;
				CLANG_WARN_OBJC_LITERAL_CONVERSION = YES;
				CLANG_WARN_OBJC_ROOT_CLASS = YES_ERROR;
				CLANG_WARN_QUOTED_INCLUDE_IN_FRAMEWORK_HEADER = YES;
				CLANG_WARN_RANGE_LOOP_ANALYSIS = YES;
				CLANG_WARN_STRICT_PROTOTYPES = YES;
				CLANG_WARN_SUSPICIOUS_MOVE = YES;
				CLANG_WARN_UNGUARDED_AVAILABILITY = YES_AGGRESSIVE;
				CLANG_WARN_UNREACHABLE_CODE = YES;
				CLANG_WARN__DUPLICATE_METHOD_MATCH = YES;
				COPY_PHASE_STRIP = NO;
				DEBUG_INFORMATION_FORMAT = dwarf;
				ENABLE_STRICT_OBJC_MSGSEND = YES;
				ENABLE_TESTABILITY = YES;
				GCC_C_LANGUAGE_STANDARD = gnu11;
				GCC_DYNAMIC_NO_PIC = NO;
				GCC_NO_COMMON_BLOCKS = YES;
				GCC_OPTIMIZATION_LEVEL = 0;
				GCC_PREPROCESSOR_DEFINITIONS = (
					"DEBUG=1",
					"$(inherited)",
				);
				GCC_WARN_64_TO_32_BIT_CONVERSION = YES;
				GCC_WARN_ABOUT_RETURN_TYPE = YES_ERROR;
				GCC_WARN_UNDECLARED_SELECTOR = YES;
				GCC_WARN_UNINITIALIZED_AUTOS = YES_AGGRESSIVE;
				GCC_WARN_UNUSED_FUNCTION = YES;
				GCC_WARN_UNUSED_VARIABLE = YES;
				IPHONEOS_DEPLOYMENT_TARGET = 15.0;
				MTL_ENABLE_DEBUG_INFO = INCLUDE_SOURCE;
				MTL_FAST_MATH = YES;
				ONLY_ACTIVE_ARCH = YES;
				SDKROOT = iphoneos;
				SWIFT_ACTIVE_COMPILATION_CONDITIONS = DEBUG;
				SWIFT_OPTIMIZATION_LEVEL = "-Onone";
			};
			name = Debug;
		};
		62613CB6271F383000D5F946 /* Release */ = {
			isa = XCBuildConfiguration;
			buildSettings = {
				ALWAYS_SEARCH_USER_PATHS = NO;
				CLANG_ANALYZER_NONNULL = YES;
				CLANG_ANALYZER_NUMBER_OBJECT_CONVERSION = YES_AGGRESSIVE;
				CLANG_CXX_LANGUAGE_STANDARD = "gnu++17";
				CLANG_CXX_LIBRARY = "libc++";
				CLANG_ENABLE_MODULES = YES;
				CLANG_ENABLE_OBJC_ARC = YES;
				CLANG_ENABLE_OBJC_WEAK = YES;
				CLANG_WARN_BLOCK_CAPTURE_AUTORELEASING = YES;
				CLANG_WARN_BOOL_CONVERSION = YES;
				CLANG_WARN_COMMA = YES;
				CLANG_WARN_CONSTANT_CONVERSION = YES;
				CLANG_WARN_DEPRECATED_OBJC_IMPLEMENTATIONS = YES;
				CLANG_WARN_DIRECT_OBJC_ISA_USAGE = YES_ERROR;
				CLANG_WARN_DOCUMENTATION_COMMENTS = YES;
				CLANG_WARN_EMPTY_BODY = YES;
				CLANG_WARN_ENUM_CONVERSION = YES;
				CLANG_WARN_INFINITE_RECURSION = YES;
				CLANG_WARN_INT_CONVERSION = YES;
				CLANG_WARN_NON_LITERAL_NULL_CONVERSION = YES;
				CLANG_WARN_OBJC_IMPLICIT_RETAIN_SELF = YES;
				CLANG_WARN_OBJC_LITERAL_CONVERSION = YES;
				CLANG_WARN_OBJC_ROOT_CLASS = YES_ERROR;
				CLANG_WARN_QUOTED_INCLUDE_IN_FRAMEWORK_HEADER = YES;
				CLANG_WARN_RANGE_LOOP_ANALYSIS = YES;
				CLANG_WARN_STRICT_PROTOTYPES = YES;
				CLANG_WARN_SUSPICIOUS_MOVE = YES;
				CLANG_WARN_UNGUARDED_AVAILABILITY = YES_AGGRESSIVE;
				CLANG_WARN_UNREACHABLE_CODE = YES;
				CLANG_WARN__DUPLICATE_METHOD_MATCH = YES;
				COPY_PHASE_STRIP = NO;
				DEBUG_INFORMATION_FORMAT = "dwarf-with-dsym";
				ENABLE_NS_ASSERTIONS = NO;
				ENABLE_STRICT_OBJC_MSGSEND = YES;
				GCC_C_LANGUAGE_STANDARD = gnu11;
				GCC_NO_COMMON_BLOCKS = YES;
				GCC_WARN_64_TO_32_BIT_CONVERSION = YES;
				GCC_WARN_ABOUT_RETURN_TYPE = YES_ERROR;
				GCC_WARN_UNDECLARED_SELECTOR = YES;
				GCC_WARN_UNINITIALIZED_AUTOS = YES_AGGRESSIVE;
				GCC_WARN_UNUSED_FUNCTION = YES;
				GCC_WARN_UNUSED_VARIABLE = YES;
				IPHONEOS_DEPLOYMENT_TARGET = 15.0;
				MTL_ENABLE_DEBUG_INFO = NO;
				MTL_FAST_MATH = YES;
				SDKROOT = iphoneos;
				SWIFT_COMPILATION_MODE = wholemodule;
				SWIFT_OPTIMIZATION_LEVEL = "-O";
				VALIDATE_PRODUCT = YES;
			};
			name = Release;
		};
		62613CB8271F383000D5F946 /* Debug */ = {
			isa = XCBuildConfiguration;
			baseConfigurationReference = EA503A0FDE22CCA3AD9BE05F /* Pods-SpotifyClone.debug.xcconfig */;
			buildSettings = {
				ASSETCATALOG_COMPILER_APPICON_NAME = AppIcon;
				ASSETCATALOG_COMPILER_GLOBAL_ACCENT_COLOR_NAME = AccentColor;
				CODE_SIGN_STYLE = Automatic;
				CURRENT_PROJECT_VERSION = 1;
				DEVELOPMENT_TEAM = QGQ6W4JWGM;
				GENERATE_INFOPLIST_FILE = YES;
				INFOPLIST_FILE = SpotifyClone/Info.plist;
				INFOPLIST_KEY_UIApplicationSupportsIndirectInputEvents = YES;
				INFOPLIST_KEY_UILaunchStoryboardName = LaunchScreen;
				INFOPLIST_KEY_UISupportedInterfaceOrientations_iPad = "UIInterfaceOrientationPortrait UIInterfaceOrientationPortraitUpsideDown UIInterfaceOrientationLandscapeLeft UIInterfaceOrientationLandscapeRight";
				INFOPLIST_KEY_UISupportedInterfaceOrientations_iPhone = "UIInterfaceOrientationPortrait UIInterfaceOrientationLandscapeLeft UIInterfaceOrientationLandscapeRight";
				LD_RUNPATH_SEARCH_PATHS = (
					"$(inherited)",
					"@executable_path/Frameworks",
				);
				MARKETING_VERSION = 1.0;
				PRODUCT_BUNDLE_IDENTIFIER = app.a1softwares.SpotifyClone;
				PRODUCT_NAME = "$(TARGET_NAME)";
				SWIFT_EMIT_LOC_STRINGS = YES;
				SWIFT_VERSION = 5.0;
				TARGETED_DEVICE_FAMILY = "1,2";
			};
			name = Debug;
		};
		62613CB9271F383000D5F946 /* Release */ = {
			isa = XCBuildConfiguration;
			baseConfigurationReference = 23B054D7E2ED9BE3AEC3E290 /* Pods-SpotifyClone.release.xcconfig */;
			buildSettings = {
				ASSETCATALOG_COMPILER_APPICON_NAME = AppIcon;
				ASSETCATALOG_COMPILER_GLOBAL_ACCENT_COLOR_NAME = AccentColor;
				CODE_SIGN_STYLE = Automatic;
				CURRENT_PROJECT_VERSION = 1;
				DEVELOPMENT_TEAM = QGQ6W4JWGM;
				GENERATE_INFOPLIST_FILE = YES;
				INFOPLIST_FILE = SpotifyClone/Info.plist;
				INFOPLIST_KEY_UIApplicationSupportsIndirectInputEvents = YES;
				INFOPLIST_KEY_UILaunchStoryboardName = LaunchScreen;
				INFOPLIST_KEY_UISupportedInterfaceOrientations_iPad = "UIInterfaceOrientationPortrait UIInterfaceOrientationPortraitUpsideDown UIInterfaceOrientationLandscapeLeft UIInterfaceOrientationLandscapeRight";
				INFOPLIST_KEY_UISupportedInterfaceOrientations_iPhone = "UIInterfaceOrientationPortrait UIInterfaceOrientationLandscapeLeft UIInterfaceOrientationLandscapeRight";
				LD_RUNPATH_SEARCH_PATHS = (
					"$(inherited)",
					"@executable_path/Frameworks",
				);
				MARKETING_VERSION = 1.0;
				PRODUCT_BUNDLE_IDENTIFIER = app.a1softwares.SpotifyClone;
				PRODUCT_NAME = "$(TARGET_NAME)";
				SWIFT_EMIT_LOC_STRINGS = YES;
				SWIFT_VERSION = 5.0;
				TARGETED_DEVICE_FAMILY = "1,2";
			};
			name = Release;
		};
/* End XCBuildConfiguration section */

/* Begin XCConfigurationList section */
		62613C9E271F382E00D5F946 /* Build configuration list for PBXProject "SpotifyClone" */ = {
			isa = XCConfigurationList;
			buildConfigurations = (
				62613CB5271F383000D5F946 /* Debug */,
				62613CB6271F383000D5F946 /* Release */,
			);
			defaultConfigurationIsVisible = 0;
			defaultConfigurationName = Release;
		};
		62613CB7271F383000D5F946 /* Build configuration list for PBXNativeTarget "SpotifyClone" */ = {
			isa = XCConfigurationList;
			buildConfigurations = (
				62613CB8271F383000D5F946 /* Debug */,
				62613CB9271F383000D5F946 /* Release */,
			);
			defaultConfigurationIsVisible = 0;
			defaultConfigurationName = Release;
		};
/* End XCConfigurationList section */
	};
	rootObject = 62613C9B271F382E00D5F946 /* Project object */;
}
